Microsoft Visual Studio Solution File, Format Version 11.00
# Visual Studio 2008

Project("{C35BB297-7184-4536-195D-6996A3C5EF21}") = "BusinessHeroesPC", "Assembly-CSharp.csproj", "{6BAA7C5A-29AE-5FD8-4770-1AA4BCB40054}"
EndProject
Global
	GlobalSection(SolutionConfigurationPlatforms) = preSolution
		Debug|Any CPU = Debug|Any CPU
		Release|Any CPU = Release|Any CPU
	EndGlobalSection
	GlobalSection(ProjectConfigurationPlatforms) = postSolution
		{6BAA7C5A-29AE-5FD8-4770-1AA4BCB40054}.Debug|Any CPU.ActiveCfg = Debug|Any CPU
		{6BAA7C5A-29AE-5FD8-4770-1AA4BCB40054}.Debug|Any CPU.Build.0 = Debug|Any CPU
		{6BAA7C5A-29AE-5FD8-4770-1AA4BCB40054}.Release|Any CPU.ActiveCfg = Release|Any CPU
		{6BAA7C5A-29AE-5FD8-4770-1AA4BCB40054}.Release|Any CPU.Build.0 = Release|Any CPU
	EndGlobalSection
	GlobalSection(SolutionProperties) = preSolution
		HideSolutionNode = FALSE
	EndGlobalSection
	GlobalSection(MonoDevelopProperties) = preSolution
		StartupItem = Assembly-CSharp.csproj
	EndGlobalSection
EndGlobal
